
Microsoft Visual Studio Solution File, Format Version 12.00
# Visual Studio 2012
Project("{FAE04EC0-301F-11D3-BF4B-00C04F79EFBC}") = "PizzaOrdering", "PizzaOrdering\PizzaOrdering.csproj", "{803EFDE7-EB27-4749-9EA3-1D93847D8A33}"
EndProject
Project("{FAE04EC0-301F-11D3-BF4B-00C04F79EFBC}") = "PizzaOrdering.Tests", "PizzaOrdering.Tests\PizzaOrdering.Tests.csproj", "{AC38D7EF-95A3-41D3-B966-A4E96A6B803B}"
EndProject
Global
	GlobalSection(SolutionConfigurationPlatforms) = preSolution
		Debug|Any CPU = Debug|Any CPU
		Release|Any CPU = Release|Any CPU
	EndGlobalSection
	GlobalSection(ProjectConfigurationPlatforms) = postSolution
		{803EFDE7-EB27-4749-9EA3-1D93847D8A33}.Debug|Any CPU.ActiveCfg = Debug|Any CPU
		{803EFDE7-EB27-4749-9EA3-1D93847D8A33}.Debug|Any CPU.Build.0 = Debug|Any CPU
		{803EFDE7-EB27-4749-9EA3-1D93847D8A33}.Release|Any CPU.ActiveCfg = Release|Any CPU
		{803EFDE7-EB27-4749-9EA3-1D93847D8A33}.Release|Any CPU.Build.0 = Release|Any CPU
		{AC38D7EF-95A3-41D3-B966-A4E96A6B803B}.Debug|Any CPU.ActiveCfg = Debug|Any CPU
		{AC38D7EF-95A3-41D3-B966-A4E96A6B803B}.Debug|Any CPU.Build.0 = Debug|Any CPU
		{AC38D7EF-95A3-41D3-B966-A4E96A6B803B}.Release|Any CPU.ActiveCfg = Release|Any CPU
		{AC38D7EF-95A3-41D3-B966-A4E96A6B803B}.Release|Any CPU.Build.0 = Release|Any CPU
	EndGlobalSection
	GlobalSection(SolutionProperties) = preSolution
		HideSolutionNode = FALSE
	EndGlobalSection
EndGlobal
